
Microsoft Visual Studio Solution File, Format Version 12.00
# Visual Studio Version 17
VisualStudioVersion = 17.7.34031.279
MinimumVisualStudioVersion = 10.0.40219.1
Project("{FAE04EC0-301F-11D3-BF4B-00C04F79EFBC}") = "ASE_Assignment", "ASE_Assignment\ASE_Assignment.csproj", "{121DEB91-D52C-4634-BE2A-4F7A2549B718}"
EndProject
Project("{FAE04EC0-301F-11D3-BF4B-00C04F79EFBC}") = "GPLTests", "GPLTests\GPLTests.csproj", "{1607F772-6B72-4B38-9B88-49C5E5C03BC8}"
EndProject
Global
	GlobalSection(SolutionConfigurationPlatforms) = preSolution
		Debug|Any CPU = Debug|Any CPU
		Release|Any CPU = Release|Any CPU
	EndGlobalSection
	GlobalSection(ProjectConfigurationPlatforms) = postSolution
		{121DEB91-D52C-4634-BE2A-4F7A2549B718}.Debug|Any CPU.ActiveCfg = Debug|Any CPU
		{121DEB91-D52C-4634-BE2A-4F7A2549B718}.Debug|Any CPU.Build.0 = Debug|Any CPU
		{121DEB91-D52C-4634-BE2A-4F7A2549B718}.Release|Any CPU.ActiveCfg = Release|Any CPU
		{121DEB91-D52C-4634-BE2A-4F7A2549B718}.Release|Any CPU.Build.0 = Release|Any CPU
		{1607F772-6B72-4B38-9B88-49C5E5C03BC8}.Debug|Any CPU.ActiveCfg = Debug|Any CPU
		{1607F772-6B72-4B38-9B88-49C5E5C03BC8}.Debug|Any CPU.Build.0 = Debug|Any CPU
		{1607F772-6B72-4B38-9B88-49C5E5C03BC8}.Release|Any CPU.ActiveCfg = Release|Any CPU
		{1607F772-6B72-4B38-9B88-49C5E5C03BC8}.Release|Any CPU.Build.0 = Release|Any CPU
	EndGlobalSection
	GlobalSection(SolutionProperties) = preSolution
		HideSolutionNode = FALSE
	EndGlobalSection
	GlobalSection(ExtensibilityGlobals) = postSolution
		SolutionGuid = {991E957B-00E8-4C61-BC13-F69193991267}
	EndGlobalSection
EndGlobal
